// !$*UTF8*$!
{
	archiveVersion = 1;
	classes = {
	};
	objectVersion = 46;
	objects = {

/* Begin PBXBuildFile section */
		1BD4BE3D1E82C81100074936 /* AppDelegate.swift in Sources */ = {isa = PBXBuildFile; fileRef = 1BD4BE3C1E82C81100074936 /* AppDelegate.swift */; };
		1BD4BE3F1E82C81100074936 /* ViewController.swift in Sources */ = {isa = PBXBuildFile; fileRef = 1BD4BE3E1E82C81100074936 /* ViewController.swift */; };
		1BD4BE421E82C81100074936 /* Main.storyboard in Resources */ = {isa = PBXBuildFile; fileRef = 1BD4BE401E82C81100074936 /* Main.storyboard */; };
		1BD4BE441E82C81100074936 /* Assets.xcassets in Resources */ = {isa = PBXBuildFile; fileRef = 1BD4BE431E82C81100074936 /* Assets.xcassets */; };
		1BD4BE471E82C81100074936 /* LaunchScreen.storyboard in Resources */ = {isa = PBXBuildFile; fileRef = 1BD4BE451E82C81100074936 /* LaunchScreen.storyboard */; };
		1BD4BE511E83F0F500074936 /* CalculatorModel.swift in Sources */ = {isa = PBXBuildFile; fileRef = 1BD4BE501E83F0F500074936 /* CalculatorModel.swift */; };
/* End PBXBuildFile section */

/* Begin PBXFileReference section */
		1BD4BE391E82C81100074936 /* Calculator.app */ = {isa = PBXFileReference; explicitFileType = wrapper.application; includeInIndex = 0; path = Calculator.app; sourceTree = BUILT_PRODUCTS_DIR; };
		1BD4BE3C1E82C81100074936 /* AppDelegate.swift */ = {isa = PBXFileReference; lastKnownFileType = sourcecode.swift; path = AppDelegate.swift; sourceTree = "<group>"; };
		1BD4BE3E1E82C81100074936 /* ViewController.swift */ = {isa = PBXFileReference; lastKnownFileType = sourcecode.swift; path = ViewController.swift; sourceTree = "<group>"; };
		1BD4BE411E82C81100074936 /* Base */ = {isa = PBXFileReference; lastKnownFileType = file.storyboard; name = Base; path = Base.lproj/Main.storyboard; sourceTree = "<group>"; };
		1BD4BE431E82C81100074936 /* Assets.xcassets */ = {isa = PBXFileReference; lastKnownFileType = folder.assetcatalog; path = Assets.xcassets; sourceTree = "<group>"; };
		1BD4BE461E82C81100074936 /* Base */ = {isa = PBXFileReference; lastKnownFileType = file.storyboard; name = Base; path = Base.lproj/LaunchScreen.storyboard; sourceTree = "<group>"; };
		1BD4BE481E82C81100074936 /* Info.plist */ = {isa = PBXFileReference; lastKnownFileType = text.plist.xml; path = Info.plist; sourceTree = "<group>"; };
		1BD4BE501E83F0F500074936 /* CalculatorModel.swift */ = {isa = PBXFileReference; fileEncoding = 4; lastKnownFileType = sourcecode.swift; path = CalculatorModel.swift; sourceTree = "<group>"; };
/* End PBXFileReference section */

/* Begin PBXFrameworksBuildPhase section */
		1BD4BE361E82C81100074936 /* Frameworks */ = {
			isa = PBXFrameworksBuildPhase;
			buildActionMask = 2147483647;
			files = (
			);
			runOnlyForDeploymentPostprocessing = 0;
		};
/* End PBXFrameworksBuildPhase section */

/* Begin PBXGroup section */
		1BD4BE301E82C81100074936 = {
			isa = PBXGroup;
			children = (
				1BD4BE3B1E82C81100074936 /* Calculator */,
				1BD4BE3A1E82C81100074936 /* Products */,
			);
			sourceTree = "<group>";
		};
		1BD4BE3A1E82C81100074936 /* Products */ = {
			isa = PBXGroup;
			children = (
				1BD4BE391E82C81100074936 /* Calculator.app */,
			);
			name = Products;
			sourceTree = "<group>";
		};
		1BD4BE3B1E82C81100074936 /* Calculator */ = {
			isa = PBXGroup;
			children = (
				1BD4BE501E83F0F500074936 /* CalculatorModel.swift */,
				1BD4BE4F1E82C8C000074936 /* Supporting Files */,
				1BD4BE3E1E82C81100074936 /* ViewController.swift */,
				1BD4BE401E82C81100074936 /* Main.storyboard */,
			);
			path = Calculator;
			sourceTree = "<group>";
		};
		1BD4BE4F1E82C8C000074936 /* Supporting Files */ = {
			isa = PBXGroup;
			children = (
				1BD4BE3C1E82C81100074936 /* AppDelegate.swift */,
				1BD4BE431E82C81100074936 /* Assets.xcassets */,
				1BD4BE451E82C81100074936 /* LaunchScreen.storyboard */,
				1BD4BE481E82C81100074936 /* Info.plist */,
			);
			name = "Supporting Files";
			sourceTree = "<group>";
		};
/* End PBXGroup section */

/* Begin PBXNativeTarget section */
		1BD4BE381E82C81100074936 /* Calculator */ = {
			isa = PBXNativeTarget;
			buildConfigurationList = 1BD4BE4B1E82C81100074936 /* Build configuration list for PBXNativeTarget "Calculator" */;
			buildPhases = (
				1BD4BE351E82C81100074936 /* Sources */,
				1BD4BE361E82C81100074936 /* Frameworks */,
				1BD4BE371E82C81100074936 /* Resources */,
			);
			buildRules = (
			);
			dependencies = (
			);
			name = Calculator;
			productName = Calculator;
			productReference = 1BD4BE391E82C81100074936 /* Calculator.app */;
			productType = "com.apple.product-type.application";
		};
/* End PBXNativeTarget section */

/* Begin PBXProject section */
		1BD4BE311E82C81100074936 /* Project object */ = {
			isa = PBXProject;
			attributes = {
				LastSwiftUpdateCheck = 0820;
				LastUpgradeCheck = 0820;
				ORGANIZATIONNAME = "Liviu Jianu";
				TargetAttributes = {
					1BD4BE381E82C81100074936 = {
						CreatedOnToolsVersion = 8.2.1;
						DevelopmentTeam = W8R7FP2S4Z;
						ProvisioningStyle = Automatic;
					};
				};
			};
			buildConfigurationList = 1BD4BE341E82C81100074936 /* Build configuration list for PBXProject "Calculator" */;
			compatibilityVersion = "Xcode 3.2";
			developmentRegion = English;
			hasScannedForEncodings = 0;
			knownRegions = (
				en,
				Base,
			);
			mainGroup = 1BD4BE301E82C81100074936;
			productRefGroup = 1BD4BE3A1E82C81100074936 /* Products */;
			projectDirPath = "";
			projectRoot = "";
			targets = (
				1BD4BE381E82C81100074936 /* Calculator */,
			);
		};
/* End PBXProject section */

/* Begin PBXResourcesBuildPhase section */
		1BD4BE371E82C81100074936 /* Resources */ = {
			isa = PBXResourcesBuildPhase;
			buildActionMask = 2147483647;
			files = (
				1BD4BE471E82C81100074936 /* LaunchScreen.storyboard in Resources */,
				1BD4BE441E82C81100074936 /* Assets.xcassets in Resources */,
				1BD4BE421E82C81100074936 /* Main.storyboard in Resources */,
			);
			runOnlyForDeploymentPostprocessing = 0;
		};
/* End PBXResourcesBuildPhase section */

/* Begin PBXSourcesBuildPhase section */
		1BD4BE351E82C81100074936 /* Sources */ = {
			isa = PBXSourcesBuildPhase;
			buildActionMask = 2147483647;
			files = (
				1BD4BE511E83F0F500074936 /* CalculatorModel.swift in Sources */,
				1BD4BE3F1E82C81100074936 /* ViewController.swift in Sources */,
				1BD4BE3D1E82C81100074936 /* AppDelegate.swift in Sources */,
			);
			runOnlyForDeploymentPostprocessing = 0;
		};
/* End PBXSourcesBuildPhase section */

/* Begin PBXVariantGroup section */
		1BD4BE401E82C81100074936 /* Main.storyboard */ = {
			isa = PBXVariantGroup;
			children = (
				1BD4BE411E82C81100074936 /* Base */,
			);
			name = Main.storyboard;
			sourceTree = "<group>";
		};
		1BD4BE451E82C81100074936 /* LaunchScreen.storyboard */ = {
			isa = PBXVariantGroup;
			children = (
				1BD4BE461E82C81100074936 /* Base */,
			);
			name = LaunchScreen.storyboard;
			sourceTree = "<group>";
		};
/* End PBXVariantGroup section */

/* Begin XCBuildConfiguration section */
		1BD4BE491E82C81100074936 /* Debug */ = {
			isa = XCBuildConfiguration;
			buildSettings = {
				ALWAYS_SEARCH_USER_PATHS = NO;
				CLANG_ANALYZER_NONNULL = YES;
				CLANG_CXX_LANGUAGE_STANDARD = "gnu++0x";
				CLANG_CXX_LIBRARY = "libc++";
				CLANG_ENABLE_MODULES = YES;
				CLANG_ENABLE_OBJC_ARC = YES;
				CLANG_WARN_BOOL_CONVERSION = YES;
				CLANG_WARN_CONSTANT_CONVERSION = YES;
				CLANG_WARN_DIRECT_OBJC_ISA_USAGE = YES_ERROR;
				CLANG_WARN_DOCUMENTATION_COMMENTS = YES;
				CLANG_WARN_EMPTY_BODY = YES;
				CLANG_WARN_ENUM_CONVERSION = YES;
				CLANG_WARN_INFINITE_RECURSION = YES;
				CLANG_WARN_INT_CONVERSION = YES;
				CLANG_WARN_OBJC_ROOT_CLASS = YES_ERROR;
				CLANG_WARN_SUSPICIOUS_MOVE = YES;
				CLANG_WARN_UNREACHABLE_CODE = YES;
				CLANG_WARN__DUPLICATE_METHOD_MATCH = YES;
				"CODE_SIGN_IDENTITY[sdk=iphoneos*]" = "iPhone Developer";
				COPY_PHASE_STRIP = NO;
				DEBUG_INFORMATION_FORMAT = dwarf;
				ENABLE_STRICT_OBJC_MSGSEND = YES;
				ENABLE_TESTABILITY = YES;
				GCC_C_LANGUAGE_STANDARD = gnu99;
				GCC_DYNAMIC_NO_PIC = NO;
				GCC_NO_COMMON_BLOCKS = YES;
				GCC_OPTIMIZATION_LEVEL = 0;
				GCC_PREPROCESSOR_DEFINITIONS = (
					"DEBUG=1",
					"$(inherited)",
				);
				GCC_WARN_64_TO_32_BIT_CONVERSION = YES;
				GCC_WARN_ABOUT_RETURN_TYPE = YES_ERROR;
				GCC_WARN_UNDECLARED_SELECTOR = YES;
				GCC_WARN_UNINITIALIZED_AUTOS = YES_AGGRESSIVE;
				GCC_WARN_UNUSED_FUNCTION = YES;
				GCC_WARN_UNUSED_VARIABLE = YES;
				IPHONEOS_DEPLOYMENT_TARGET = 10.2;
				MTL_ENABLE_DEBUG_INFO = YES;
				ONLY_ACTIVE_ARCH = YES;
				SDKROOT = iphoneos;
				SWIFT_ACTIVE_COMPILATION_CONDITIONS = DEBUG;
				SWIFT_OPTIMIZATION_LEVEL = "-Onone";
				TARGETED_DEVICE_FAMILY = "1,2";
			};
			name = Debug;
		};
		1BD4BE4A1E82C81100074936 /* Release */ = {
			isa = XCBuildConfiguration;
			buildSettings = {
				ALWAYS_SEARCH_USER_PATHS = NO;
				CLANG_ANALYZER_NONNULL = YES;
				CLANG_CXX_LANGUAGE_STANDARD = "gnu++0x";
				CLANG_CXX_LIBRARY = "libc++";
				CLANG_ENABLE_MODULES = YES;
				CLANG_ENABLE_OBJC_ARC = YES;
				CLANG_WARN_BOOL_CONVERSION = YES;
				CLANG_WARN_CONSTANT_CONVERSION = YES;
				CLANG_WARN_DIRECT_OBJC_ISA_USAGE = YES_ERROR;
				CLANG_WARN_DOCUMENTATION_COMMENTS = YES;
				CLANG_WARN_EMPTY_BODY = YES;
				CLANG_WARN_ENUM_CONVERSION = YES;
				CLANG_WARN_INFINITE_RECURSION = YES;
				CLANG_WARN_INT_CONVERSION = YES;
				CLANG_WARN_OBJC_ROOT_CLASS = YES_ERROR;
				CLANG_WARN_SUSPICIOUS_MOVE = YES;
				CLANG_WARN_UNREACHABLE_CODE = YES;
				CLANG_WARN__DUPLICATE_METHOD_MATCH = YES;
				"CODE_SIGN_IDENTITY[sdk=iphoneos*]" = "iPhone Developer";
				COPY_PHASE_STRIP = NO;
				DEBUG_INFORMATION_FORMAT = "dwarf-with-dsym";
				ENABLE_NS_ASSERTIONS = NO;
				ENABLE_STRICT_OBJC_MSGSEND = YES;
				GCC_C_LANGUAGE_STANDARD = gnu99;
				GCC_NO_COMMON_BLOCKS = YES;
				GCC_WARN_64_TO_32_BIT_CONVERSION = YES;
				GCC_WARN_ABOUT_RETURN_TYPE = YES_ERROR;
				GCC_WARN_UNDECLARED_SELECTOR = YES;
				GCC_WARN_UNINITIALIZED_AUTOS = YES_AGGRESSIVE;
				GCC_WARN_UNUSED_FUNCTION = YES;
				GCC_WARN_UNUSED_VARIABLE = YES;
				IPHONEOS_DEPLOYMENT_TARGET = 10.2;
				MTL_ENABLE_DEBUG_INFO = NO;
				SDKROOT = iphoneos;
				SWIFT_OPTIMIZATION_LEVEL = "-Owholemodule";
				TARGETED_DEVICE_FAMILY = "1,2";
				VALIDATE_PRODUCT = YES;
			};
			name = Release;
		};
		1BD4BE4C1E82C81100074936 /* Debug */ = {
			isa = XCBuildConfiguration;
			buildSettings = {
				ASSETCATALOG_COMPILER_APPICON_NAME = AppIcon;
				DEVELOPMENT_TEAM = W8R7FP2S4Z;
				INFOPLIST_FILE = Calculator/Info.plist;
				LD_RUNPATH_SEARCH_PATHS = "$(inherited) @executable_path/Frameworks";
				PRODUCT_BUNDLE_IDENTIFIER = SP.Calculator;
				PRODUCT_NAME = "$(TARGET_NAME)";
				SWIFT_VERSION = 3.0;
			};
			name = Debug;
		};
		1BD4BE4D1E82C81100074936 /* Release */ = {
			isa = XCBuildConfiguration;
			buildSettings = {
				ASSETCATALOG_COMPILER_APPICON_NAME = AppIcon;
				DEVELOPMENT_TEAM = W8R7FP2S4Z;
				INFOPLIST_FILE = Calculator/Info.plist;
				LD_RUNPATH_SEARCH_PATHS = "$(inherited) @executable_path/Frameworks";
				PRODUCT_BUNDLE_IDENTIFIER = SP.Calculator;
				PRODUCT_NAME = "$(TARGET_NAME)";
				SWIFT_VERSION = 3.0;
			};
			name = Release;
		};
/* End XCBuildConfiguration section */

/* Begin XCConfigurationList section */
		1BD4BE341E82C81100074936 /* Build configuration list for PBXProject "Calculator" */ = {
			isa = XCConfigurationList;
			buildConfigurations = (
				1BD4BE491E82C81100074936 /* Debug */,
				1BD4BE4A1E82C81100074936 /* Release */,
			);
			defaultConfigurationIsVisible = 0;
			defaultConfigurationName = Release;
		};
		1BD4BE4B1E82C81100074936 /* Build configuration list for PBXNativeTarget "Calculator" */ = {
			isa = XCConfigurationList;
			buildConfigurations = (
				1BD4BE4C1E82C81100074936 /* Debug */,
				1BD4BE4D1E82C81100074936 /* Release */,
			);
			defaultConfigurationIsVisible = 0;
		};
/* End XCConfigurationList section */
	};
	rootObject = 1BD4BE311E82C81100074936 /* Project object */;
}
